
Microsoft Visual Studio Solution File, Format Version 12.00
# Visual Studio Version 17
VisualStudioVersion = 17.14.36203.30 d17.14
MinimumVisualStudioVersion = 10.0.40219.1
Project("{FAE04EC0-301F-11D3-BF4B-00C04F79EFBC}") = "DigitalCurrencyEFC", "DigitalCurrencyEFC\DigitalCurrencyEFC.csproj", "{1CE8DC49-E030-4A9A-95CD-12E4395869C8}"
EndProject
Global
	GlobalSection(SolutionConfigurationPlatforms) = preSolution
		Debug|Any CPU = Debug|Any CPU
		Release|Any CPU = Release|Any CPU
	EndGlobalSection
	GlobalSection(ProjectConfigurationPlatforms) = postSolution
		{1CE8DC49-E030-4A9A-95CD-12E4395869C8}.Debug|Any CPU.ActiveCfg = Debug|Any CPU
		{1CE8DC49-E030-4A9A-95CD-12E4395869C8}.Debug|Any CPU.Build.0 = Debug|Any CPU
		{1CE8DC49-E030-4A9A-95CD-12E4395869C8}.Release|Any CPU.ActiveCfg = Release|Any CPU
		{1CE8DC49-E030-4A9A-95CD-12E4395869C8}.Release|Any CPU.Build.0 = Release|Any CPU
	EndGlobalSection
	GlobalSection(SolutionProperties) = preSolution
		HideSolutionNode = FALSE
	EndGlobalSection
	GlobalSection(ExtensibilityGlobals) = postSolution
		SolutionGuid = {2AE9192E-C3B5-4D20-B2D9-D3746726B225}
	EndGlobalSection
EndGlobal
